
Microsoft Visual Studio Solution File, Format Version 12.00
# Visual Studio Version 17
VisualStudioVersion = 17.7.34221.43
MinimumVisualStudioVersion = 10.0.40219.1
Project("{FAE04EC0-301F-11D3-BF4B-00C04F79EFBC}") = "GitColaborativo2", "GitColaborativo2\GitColaborativo2.csproj", "{83D3E13C-0A99-4865-A5EA-AB4E04FD5926}"
EndProject
Global
	GlobalSection(SolutionConfigurationPlatforms) = preSolution
		Debug|Any CPU = Debug|Any CPU
		Release|Any CPU = Release|Any CPU
	EndGlobalSection
	GlobalSection(ProjectConfigurationPlatforms) = postSolution
		{83D3E13C-0A99-4865-A5EA-AB4E04FD5926}.Debug|Any CPU.ActiveCfg = Debug|Any CPU
		{83D3E13C-0A99-4865-A5EA-AB4E04FD5926}.Debug|Any CPU.Build.0 = Debug|Any CPU
		{83D3E13C-0A99-4865-A5EA-AB4E04FD5926}.Release|Any CPU.ActiveCfg = Release|Any CPU
		{83D3E13C-0A99-4865-A5EA-AB4E04FD5926}.Release|Any CPU.Build.0 = Release|Any CPU
	EndGlobalSection
	GlobalSection(SolutionProperties) = preSolution
		HideSolutionNode = FALSE
	EndGlobalSection
	GlobalSection(ExtensibilityGlobals) = postSolution
		SolutionGuid = {82EE278A-586A-4483-9EE5-F227EB946A79}
	EndGlobalSection
EndGlobal
